// !$*UTF8*$!
{
	archiveVersion = 1;
	classes = {
	};
	objectVersion = 48;
	objects = {

/* Begin PBXBuildFile section */
		609C525D23242975AC141558 /* Pods_iOSStart.framework in Frameworks */ = {isa = PBXBuildFile; fileRef = A5EA503BB76B05DE8D746269 /* Pods_iOSStart.framework */; };
		6389487D1FF22A40004B1100 /* AppDelegate.swift in Sources */ = {isa = PBXBuildFile; fileRef = 6389487C1FF22A40004B1100 /* AppDelegate.swift */; };
		6389487F1FF22A40004B1100 /* CounterViewController.swift in Sources */ = {isa = PBXBuildFile; fileRef = 6389487E1FF22A40004B1100 /* CounterViewController.swift */; };
		638948821FF22A40004B1100 /* Main.storyboard in Resources */ = {isa = PBXBuildFile; fileRef = 638948801FF22A40004B1100 /* Main.storyboard */; };
		638948841FF22A40004B1100 /* Assets.xcassets in Resources */ = {isa = PBXBuildFile; fileRef = 638948831FF22A40004B1100 /* Assets.xcassets */; };
		638948871FF22A41004B1100 /* LaunchScreen.storyboard in Resources */ = {isa = PBXBuildFile; fileRef = 638948851FF22A41004B1100 /* LaunchScreen.storyboard */; };
		63E82D1B1FF23E1F00523D91 /* TodoListViewController.swift in Sources */ = {isa = PBXBuildFile; fileRef = 63E82D1A1FF23E1F00523D91 /* TodoListViewController.swift */; };
/* End PBXBuildFile section */

/* Begin PBXFileReference section */
		638948791FF22A40004B1100 /* iOSStart.app */ = {isa = PBXFileReference; explicitFileType = wrapper.application; includeInIndex = 0; path = iOSStart.app; sourceTree = BUILT_PRODUCTS_DIR; };
		6389487C1FF22A40004B1100 /* AppDelegate.swift */ = {isa = PBXFileReference; lastKnownFileType = sourcecode.swift; path = AppDelegate.swift; sourceTree = "<group>"; };
		6389487E1FF22A40004B1100 /* CounterViewController.swift */ = {isa = PBXFileReference; lastKnownFileType = sourcecode.swift; path = CounterViewController.swift; sourceTree = "<group>"; };
		638948811FF22A40004B1100 /* Base */ = {isa = PBXFileReference; lastKnownFileType = file.storyboard; name = Base; path = Base.lproj/Main.storyboard; sourceTree = "<group>"; };
		638948831FF22A40004B1100 /* Assets.xcassets */ = {isa = PBXFileReference; lastKnownFileType = folder.assetcatalog; path = Assets.xcassets; sourceTree = "<group>"; };
		638948861FF22A41004B1100 /* Base */ = {isa = PBXFileReference; lastKnownFileType = file.storyboard; name = Base; path = Base.lproj/LaunchScreen.storyboard; sourceTree = "<group>"; };
		638948881FF22A41004B1100 /* Info.plist */ = {isa = PBXFileReference; lastKnownFileType = text.plist.xml; path = Info.plist; sourceTree = "<group>"; };
		63E82D1A1FF23E1F00523D91 /* TodoListViewController.swift */ = {isa = PBXFileReference; lastKnownFileType = sourcecode.swift; path = TodoListViewController.swift; sourceTree = "<group>"; };
		A43326A6F4113B6892D929A0 /* Pods-iOSStart.release.xcconfig */ = {isa = PBXFileReference; includeInIndex = 1; lastKnownFileType = text.xcconfig; name = "Pods-iOSStart.release.xcconfig"; path = "Pods/Target Support Files/Pods-iOSStart/Pods-iOSStart.release.xcconfig"; sourceTree = "<group>"; };
		A5EA503BB76B05DE8D746269 /* Pods_iOSStart.framework */ = {isa = PBXFileReference; explicitFileType = wrapper.framework; includeInIndex = 0; path = Pods_iOSStart.framework; sourceTree = BUILT_PRODUCTS_DIR; };
		D518B1FA2A02694C4FDD151F /* Pods-iOSStart.debug.xcconfig */ = {isa = PBXFileReference; includeInIndex = 1; lastKnownFileType = text.xcconfig; name = "Pods-iOSStart.debug.xcconfig"; path = "Pods/Target Support Files/Pods-iOSStart/Pods-iOSStart.debug.xcconfig"; sourceTree = "<group>"; };
/* End PBXFileReference section */

/* Begin PBXFrameworksBuildPhase section */
		638948761FF22A40004B1100 /* Frameworks */ = {
			isa = PBXFrameworksBuildPhase;
			buildActionMask = 2147483647;
			files = (
				609C525D23242975AC141558 /* Pods_iOSStart.framework in Frameworks */,
			);
			runOnlyForDeploymentPostprocessing = 0;
		};
/* End PBXFrameworksBuildPhase section */

/* Begin PBXGroup section */
		02E49C79F37A0D50216A7276 /* Frameworks */ = {
			isa = PBXGroup;
			children = (
				A5EA503BB76B05DE8D746269 /* Pods_iOSStart.framework */,
			);
			name = Frameworks;
			sourceTree = "<group>";
		};
		55E4F9AC9BD9B7384315B39E /* Pods */ = {
			isa = PBXGroup;
			children = (
				D518B1FA2A02694C4FDD151F /* Pods-iOSStart.debug.xcconfig */,
				A43326A6F4113B6892D929A0 /* Pods-iOSStart.release.xcconfig */,
			);
			name = Pods;
			sourceTree = "<group>";
		};
		638948701FF22A40004B1100 = {
			isa = PBXGroup;
			children = (
				6389487B1FF22A40004B1100 /* iOSStart */,
				6389487A1FF22A40004B1100 /* Products */,
				55E4F9AC9BD9B7384315B39E /* Pods */,
				02E49C79F37A0D50216A7276 /* Frameworks */,
			);
			sourceTree = "<group>";
		};
		6389487A1FF22A40004B1100 /* Products */ = {
			isa = PBXGroup;
			children = (
				638948791FF22A40004B1100 /* iOSStart.app */,
			);
			name = Products;
			sourceTree = "<group>";
		};
		6389487B1FF22A40004B1100 /* iOSStart */ = {
			isa = PBXGroup;
			children = (
				6389487C1FF22A40004B1100 /* AppDelegate.swift */,
				6389487E1FF22A40004B1100 /* CounterViewController.swift */,
				63E82D1A1FF23E1F00523D91 /* TodoListViewController.swift */,
				638948801FF22A40004B1100 /* Main.storyboard */,
				638948831FF22A40004B1100 /* Assets.xcassets */,
				638948851FF22A41004B1100 /* LaunchScreen.storyboard */,
				638948881FF22A41004B1100 /* Info.plist */,
			);
			path = iOSStart;
			sourceTree = "<group>";
		};
/* End PBXGroup section */

/* Begin PBXNativeTarget section */
		638948781FF22A40004B1100 /* iOSStart */ = {
			isa = PBXNativeTarget;
			buildConfigurationList = 6389488B1FF22A41004B1100 /* Build configuration list for PBXNativeTarget "iOSStart" */;
			buildPhases = (
				D78D2A4930140FF5C603E99A /* [CP] Check Pods Manifest.lock */,
				638948751FF22A40004B1100 /* Sources */,
				638948761FF22A40004B1100 /* Frameworks */,
				638948771FF22A40004B1100 /* Resources */,
				6489F4F0033EC9EEDBFF825D /* [CP] Embed Pods Frameworks */,
				C89B43CE1E15822926464D37 /* [CP] Copy Pods Resources */,
			);
			buildRules = (
			);
			dependencies = (
			);
			name = iOSStart;
			productName = iOSStart;
			productReference = 638948791FF22A40004B1100 /* iOSStart.app */;
			productType = "com.apple.product-type.application";
		};
/* End PBXNativeTarget section */

/* Begin PBXProject section */
		638948711FF22A40004B1100 /* Project object */ = {
			isa = PBXProject;
			attributes = {
				LastSwiftUpdateCheck = 0920;
				LastUpgradeCheck = 0920;
				ORGANIZATIONNAME = kanziw;
				TargetAttributes = {
					638948781FF22A40004B1100 = {
						CreatedOnToolsVersion = 9.2;
						ProvisioningStyle = Automatic;
					};
				};
			};
			buildConfigurationList = 638948741FF22A40004B1100 /* Build configuration list for PBXProject "iOSStart" */;
			compatibilityVersion = "Xcode 8.0";
			developmentRegion = en;
			hasScannedForEncodings = 0;
			knownRegions = (
				en,
				Base,
			);
			mainGroup = 638948701FF22A40004B1100;
			productRefGroup = 6389487A1FF22A40004B1100 /* Products */;
			projectDirPath = "";
			projectRoot = "";
			targets = (
				638948781FF22A40004B1100 /* iOSStart */,
			);
		};
/* End PBXProject section */

/* Begin PBXResourcesBuildPhase section */
		638948771FF22A40004B1100 /* Resources */ = {
			isa = PBXResourcesBuildPhase;
			buildActionMask = 2147483647;
			files = (
				638948871FF22A41004B1100 /* LaunchScreen.storyboard in Resources */,
				638948841FF22A40004B1100 /* Assets.xcassets in Resources */,
				638948821FF22A40004B1100 /* Main.storyboard in Resources */,
			);
			runOnlyForDeploymentPostprocessing = 0;
		};
/* End PBXResourcesBuildPhase section */

/* Begin PBXShellScriptBuildPhase section */
		6489F4F0033EC9EEDBFF825D /* [CP] Embed Pods Frameworks */ = {
			isa = PBXShellScriptBuildPhase;
			buildActionMask = 2147483647;
			files = (
			);
			inputPaths = (
				"${SRCROOT}/Pods/Target Support Files/Pods-iOSStart/Pods-iOSStart-frameworks.sh",
				"${BUILT_PRODUCTS_DIR}/RxCocoa/RxCocoa.framework",
				"${BUILT_PRODUCTS_DIR}/RxSwift/RxSwift.framework",
			);
			name = "[CP] Embed Pods Frameworks";
			outputPaths = (
				"${TARGET_BUILD_DIR}/${FRAMEWORKS_FOLDER_PATH}/RxCocoa.framework",
				"${TARGET_BUILD_DIR}/${FRAMEWORKS_FOLDER_PATH}/RxSwift.framework",
			);
			runOnlyForDeploymentPostprocessing = 0;
			shellPath = /bin/sh;
			shellScript = "\"${SRCROOT}/Pods/Target Support Files/Pods-iOSStart/Pods-iOSStart-frameworks.sh\"\n";
			showEnvVarsInLog = 0;
		};
		C89B43CE1E15822926464D37 /* [CP] Copy Pods Resources */ = {
			isa = PBXShellScriptBuildPhase;
			buildActionMask = 2147483647;
			files = (
			);
			inputPaths = (
			);
			name = "[CP] Copy Pods Resources";
			outputPaths = (
			);
			runOnlyForDeploymentPostprocessing = 0;
			shellPath = /bin/sh;
			shellScript = "\"${SRCROOT}/Pods/Target Support Files/Pods-iOSStart/Pods-iOSStart-resources.sh\"\n";
			showEnvVarsInLog = 0;
		};
		D78D2A4930140FF5C603E99A /* [CP] Check Pods Manifest.lock */ = {
			isa = PBXShellScriptBuildPhase;
			buildActionMask = 2147483647;
			files = (
			);
			inputPaths = (
				"${PODS_PODFILE_DIR_PATH}/Podfile.lock",
				"${PODS_ROOT}/Manifest.lock",
			);
			name = "[CP] Check Pods Manifest.lock";
			outputPaths = (
				"$(DERIVED_FILE_DIR)/Pods-iOSStart-checkManifestLockResult.txt",
			);
			runOnlyForDeploymentPostprocessing = 0;
			shellPath = /bin/sh;
			shellScript = "diff \"${PODS_PODFILE_DIR_PATH}/Podfile.lock\" \"${PODS_ROOT}/Manifest.lock\" > /dev/null\nif [ $? != 0 ] ; then\n    # print error to STDERR\n    echo \"error: The sandbox is not in sync with the Podfile.lock. Run 'pod install' or update your CocoaPods installation.\" >&2\n    exit 1\nfi\n# This output is used by Xcode 'outputs' to avoid re-running this script phase.\necho \"SUCCESS\" > \"${SCRIPT_OUTPUT_FILE_0}\"\n";
			showEnvVarsInLog = 0;
		};
/* End PBXShellScriptBuildPhase section */

/* Begin PBXSourcesBuildPhase section */
		638948751FF22A40004B1100 /* Sources */ = {
			isa = PBXSourcesBuildPhase;
			buildActionMask = 2147483647;
			files = (
				63E82D1B1FF23E1F00523D91 /* TodoListViewController.swift in Sources */,
				6389487F1FF22A40004B1100 /* CounterViewController.swift in Sources */,
				6389487D1FF22A40004B1100 /* AppDelegate.swift in Sources */,
			);
			runOnlyForDeploymentPostprocessing = 0;
		};
/* End PBXSourcesBuildPhase section */

/* Begin PBXVariantGroup section */
		638948801FF22A40004B1100 /* Main.storyboard */ = {
			isa = PBXVariantGroup;
			children = (
				638948811FF22A40004B1100 /* Base */,
			);
			name = Main.storyboard;
			sourceTree = "<group>";
		};
		638948851FF22A41004B1100 /* LaunchScreen.storyboard */ = {
			isa = PBXVariantGroup;
			children = (
				638948861FF22A41004B1100 /* Base */,
			);
			name = LaunchScreen.storyboard;
			sourceTree = "<group>";
		};
/* End PBXVariantGroup section */

/* Begin XCBuildConfiguration section */
		638948891FF22A41004B1100 /* Debug */ = {
			isa = XCBuildConfiguration;
			buildSettings = {
				ALWAYS_SEARCH_USER_PATHS = NO;
				CLANG_ANALYZER_NONNULL = YES;
				CLANG_ANALYZER_NUMBER_OBJECT_CONVERSION = YES_AGGRESSIVE;
				CLANG_CXX_LANGUAGE_STANDARD = "gnu++14";
				CLANG_CXX_LIBRARY = "libc++";
				CLANG_ENABLE_MODULES = YES;
				CLANG_ENABLE_OBJC_ARC = YES;
				CLANG_WARN_BLOCK_CAPTURE_AUTORELEASING = YES;
				CLANG_WARN_BOOL_CONVERSION = YES;
				CLANG_WARN_COMMA = YES;
				CLANG_WARN_CONSTANT_CONVERSION = YES;
				CLANG_WARN_DIRECT_OBJC_ISA_USAGE = YES_ERROR;
				CLANG_WARN_DOCUMENTATION_COMMENTS = YES;
				CLANG_WARN_EMPTY_BODY = YES;
				CLANG_WARN_ENUM_CONVERSION = YES;
				CLANG_WARN_INFINITE_RECURSION = YES;
				CLANG_WARN_INT_CONVERSION = YES;
				CLANG_WARN_NON_LITERAL_NULL_CONVERSION = YES;
				CLANG_WARN_OBJC_LITERAL_CONVERSION = YES;
				CLANG_WARN_OBJC_ROOT_CLASS = YES_ERROR;
				CLANG_WARN_RANGE_LOOP_ANALYSIS = YES;
				CLANG_WARN_STRICT_PROTOTYPES = YES;
				CLANG_WARN_SUSPICIOUS_MOVE = YES;
				CLANG_WARN_UNGUARDED_AVAILABILITY = YES_AGGRESSIVE;
				CLANG_WARN_UNREACHABLE_CODE = YES;
				CLANG_WARN__DUPLICATE_METHOD_MATCH = YES;
				CODE_SIGN_IDENTITY = "iPhone Developer";
				COPY_PHASE_STRIP = NO;
				DEBUG_INFORMATION_FORMAT = dwarf;
				ENABLE_STRICT_OBJC_MSGSEND = YES;
				ENABLE_TESTABILITY = YES;
				GCC_C_LANGUAGE_STANDARD = gnu11;
				GCC_DYNAMIC_NO_PIC = NO;
				GCC_NO_COMMON_BLOCKS = YES;
				GCC_OPTIMIZATION_LEVEL = 0;
				GCC_PREPROCESSOR_DEFINITIONS = (
					"DEBUG=1",
					"$(inherited)",
				);
				GCC_WARN_64_TO_32_BIT_CONVERSION = YES;
				GCC_WARN_ABOUT_RETURN_TYPE = YES_ERROR;
				GCC_WARN_UNDECLARED_SELECTOR = YES;
				GCC_WARN_UNINITIALIZED_AUTOS = YES_AGGRESSIVE;
				GCC_WARN_UNUSED_FUNCTION = YES;
				GCC_WARN_UNUSED_VARIABLE = YES;
				IPHONEOS_DEPLOYMENT_TARGET = 11.2;
				MTL_ENABLE_DEBUG_INFO = YES;
				ONLY_ACTIVE_ARCH = YES;
				SDKROOT = iphoneos;
				SWIFT_ACTIVE_COMPILATION_CONDITIONS = DEBUG;
				SWIFT_OPTIMIZATION_LEVEL = "-Onone";
			};
			name = Debug;
		};
		6389488A1FF22A41004B1100 /* Release */ = {
			isa = XCBuildConfiguration;
			buildSettings = {
				ALWAYS_SEARCH_USER_PATHS = NO;
				CLANG_ANALYZER_NONNULL = YES;
				CLANG_ANALYZER_NUMBER_OBJECT_CONVERSION = YES_AGGRESSIVE;
				CLANG_CXX_LANGUAGE_STANDARD = "gnu++14";
				CLANG_CXX_LIBRARY = "libc++";
				CLANG_ENABLE_MODULES = YES;
				CLANG_ENABLE_OBJC_ARC = YES;
				CLANG_WARN_BLOCK_CAPTURE_AUTORELEASING = YES;
				CLANG_WARN_BOOL_CONVERSION = YES;
				CLANG_WARN_COMMA = YES;
				CLANG_WARN_CONSTANT_CONVERSION = YES;
				CLANG_WARN_DIRECT_OBJC_ISA_USAGE = YES_ERROR;
				CLANG_WARN_DOCUMENTATION_COMMENTS = YES;
				CLANG_WARN_EMPTY_BODY = YES;
				CLANG_WARN_ENUM_CONVERSION = YES;
				CLANG_WARN_INFINITE_RECURSION = YES;
				CLANG_WARN_INT_CONVERSION = YES;
				CLANG_WARN_NON_LITERAL_NULL_CONVERSION = YES;
				CLANG_WARN_OBJC_LITERAL_CONVERSION = YES;
				CLANG_WARN_OBJC_ROOT_CLASS = YES_ERROR;
				CLANG_WARN_RANGE_LOOP_ANALYSIS = YES;
				CLANG_WARN_STRICT_PROTOTYPES = YES;
				CLANG_WARN_SUSPICIOUS_MOVE = YES;
				CLANG_WARN_UNGUARDED_AVAILABILITY = YES_AGGRESSIVE;
				CLANG_WARN_UNREACHABLE_CODE = YES;
				CLANG_WARN__DUPLICATE_METHOD_MATCH = YES;
				CODE_SIGN_IDENTITY = "iPhone Developer";
				COPY_PHASE_STRIP = NO;
				DEBUG_INFORMATION_FORMAT = "dwarf-with-dsym";
				ENABLE_NS_ASSERTIONS = NO;
				ENABLE_STRICT_OBJC_MSGSEND = YES;
				GCC_C_LANGUAGE_STANDARD = gnu11;
				GCC_NO_COMMON_BLOCKS = YES;
				GCC_WARN_64_TO_32_BIT_CONVERSION = YES;
				GCC_WARN_ABOUT_RETURN_TYPE = YES_ERROR;
				GCC_WARN_UNDECLARED_SELECTOR = YES;
				GCC_WARN_UNINITIALIZED_AUTOS = YES_AGGRESSIVE;
				GCC_WARN_UNUSED_FUNCTION = YES;
				GCC_WARN_UNUSED_VARIABLE = YES;
				IPHONEOS_DEPLOYMENT_TARGET = 11.2;
				MTL_ENABLE_DEBUG_INFO = NO;
				SDKROOT = iphoneos;
				SWIFT_OPTIMIZATION_LEVEL = "-Owholemodule";
				VALIDATE_PRODUCT = YES;
			};
			name = Release;
		};
		6389488C1FF22A41004B1100 /* Debug */ = {
			isa = XCBuildConfiguration;
			baseConfigurationReference = D518B1FA2A02694C4FDD151F /* Pods-iOSStart.debug.xcconfig */;
			buildSettings = {
				ASSETCATALOG_COMPILER_APPICON_NAME = AppIcon;
				CODE_SIGN_STYLE = Automatic;
				DEVELOPMENT_TEAM = ZQC3XYUF8Z;
				INFOPLIST_FILE = iOSStart/Info.plist;
				LD_RUNPATH_SEARCH_PATHS = "$(inherited) @executable_path/Frameworks";
				PRODUCT_BUNDLE_IDENTIFIER = com.kanziw.iOSStart;
				PRODUCT_NAME = "$(TARGET_NAME)";
				SWIFT_VERSION = 4.0;
				TARGETED_DEVICE_FAMILY = "1,2";
			};
			name = Debug;
		};
		6389488D1FF22A41004B1100 /* Release */ = {
			isa = XCBuildConfiguration;
			baseConfigurationReference = A43326A6F4113B6892D929A0 /* Pods-iOSStart.release.xcconfig */;
			buildSettings = {
				ASSETCATALOG_COMPILER_APPICON_NAME = AppIcon;
				CODE_SIGN_STYLE = Automatic;
				DEVELOPMENT_TEAM = ZQC3XYUF8Z;
				INFOPLIST_FILE = iOSStart/Info.plist;
				LD_RUNPATH_SEARCH_PATHS = "$(inherited) @executable_path/Frameworks";
				PRODUCT_BUNDLE_IDENTIFIER = com.kanziw.iOSStart;
				PRODUCT_NAME = "$(TARGET_NAME)";
				SWIFT_VERSION = 4.0;
				TARGETED_DEVICE_FAMILY = "1,2";
			};
			name = Release;
		};
/* End XCBuildConfiguration section */

/* Begin XCConfigurationList section */
		638948741FF22A40004B1100 /* Build configuration list for PBXProject "iOSStart" */ = {
			isa = XCConfigurationList;
			buildConfigurations = (
				638948891FF22A41004B1100 /* Debug */,
				6389488A1FF22A41004B1100 /* Release */,
			);
			defaultConfigurationIsVisible = 0;
			defaultConfigurationName = Release;
		};
		6389488B1FF22A41004B1100 /* Build configuration list for PBXNativeTarget "iOSStart" */ = {
			isa = XCConfigurationList;
			buildConfigurations = (
				6389488C1FF22A41004B1100 /* Debug */,
				6389488D1FF22A41004B1100 /* Release */,
			);
			defaultConfigurationIsVisible = 0;
			defaultConfigurationName = Release;
		};
/* End XCConfigurationList section */
	};
	rootObject = 638948711FF22A40004B1100 /* Project object */;
}
